
Microsoft Visual Studio Solution File, Format Version 12.00
# Visual Studio Version 17
VisualStudioVersion = 17.4.33213.308
MinimumVisualStudioVersion = 10.0.40219.1
Project("{FAE04EC0-301F-11D3-BF4B-00C04F79EFBC}") = "SistemaWebMisRecetas", "SistemaWebMisRecetas\SistemaWebMisRecetas.csproj", "{4E9D3865-AC81-49EC-81BA-84A503A16EC8}"
EndProject
Global
	GlobalSection(SolutionConfigurationPlatforms) = preSolution
		Debug|Any CPU = Debug|Any CPU
		Release|Any CPU = Release|Any CPU
	EndGlobalSection
	GlobalSection(ProjectConfigurationPlatforms) = postSolution
		{4E9D3865-AC81-49EC-81BA-84A503A16EC8}.Debug|Any CPU.ActiveCfg = Debug|Any CPU
		{4E9D3865-AC81-49EC-81BA-84A503A16EC8}.Debug|Any CPU.Build.0 = Debug|Any CPU
		{4E9D3865-AC81-49EC-81BA-84A503A16EC8}.Release|Any CPU.ActiveCfg = Release|Any CPU
		{4E9D3865-AC81-49EC-81BA-84A503A16EC8}.Release|Any CPU.Build.0 = Release|Any CPU
	EndGlobalSection
	GlobalSection(SolutionProperties) = preSolution
		HideSolutionNode = FALSE
	EndGlobalSection
	GlobalSection(ExtensibilityGlobals) = postSolution
		SolutionGuid = {0757D49C-FC5A-438C-ACD6-9245232DFCBE}
	EndGlobalSection
EndGlobal
